
Microsoft Visual Studio Solution File, Format Version 12.00
# Visual Studio Version 16
VisualStudioVersion = 16.0.30011.22
MinimumVisualStudioVersion = 10.0.40219.1
Project("{9A19103F-16F7-4668-BE54-9A1E7A4F7556}") = "Empleats", "Empleats\Empleats.csproj", "{A1142209-4CA5-4A04-A50C-EE45C9A3A532}"
EndProject
Global
	GlobalSection(SolutionConfigurationPlatforms) = preSolution
		Debug|Any CPU = Debug|Any CPU
		Release|Any CPU = Release|Any CPU
	EndGlobalSection
	GlobalSection(ProjectConfigurationPlatforms) = postSolution
		{A1142209-4CA5-4A04-A50C-EE45C9A3A532}.Debug|Any CPU.ActiveCfg = Debug|Any CPU
		{A1142209-4CA5-4A04-A50C-EE45C9A3A532}.Debug|Any CPU.Build.0 = Debug|Any CPU
		{A1142209-4CA5-4A04-A50C-EE45C9A3A532}.Release|Any CPU.ActiveCfg = Release|Any CPU
		{A1142209-4CA5-4A04-A50C-EE45C9A3A532}.Release|Any CPU.Build.0 = Release|Any CPU
	EndGlobalSection
	GlobalSection(SolutionProperties) = preSolution
		HideSolutionNode = FALSE
	EndGlobalSection
	GlobalSection(ExtensibilityGlobals) = postSolution
		SolutionGuid = {55146812-BDB6-4A27-915D-9C21C351F401}
	EndGlobalSection
EndGlobal
